// !$*UTF8*$!
{
	archiveVersion = 1;
	classes = {
	};
	objectVersion = 55;
	objects = {

/* Begin PBXBuildFile section */
		CE12F443279F57EC001C30A0 /* SecondVC.swift in Sources */ = {isa = PBXBuildFile; fileRef = CE12F442279F57EC001C30A0 /* SecondVC.swift */; };
		CE12F445279F5802001C30A0 /* ThirdVC.swift in Sources */ = {isa = PBXBuildFile; fileRef = CE12F444279F5802001C30A0 /* ThirdVC.swift */; };
		CE12F447279F581A001C30A0 /* FourthVC.swift in Sources */ = {isa = PBXBuildFile; fileRef = CE12F446279F581A001C30A0 /* FourthVC.swift */; };
		CE695ED5279C469A00D3A5BF /* AppDelegate.swift in Sources */ = {isa = PBXBuildFile; fileRef = CE695ED4279C469A00D3A5BF /* AppDelegate.swift */; };
		CE695ED7279C469A00D3A5BF /* SceneDelegate.swift in Sources */ = {isa = PBXBuildFile; fileRef = CE695ED6279C469A00D3A5BF /* SceneDelegate.swift */; };
		CE695ED9279C469A00D3A5BF /* FirstVC.swift in Sources */ = {isa = PBXBuildFile; fileRef = CE695ED8279C469A00D3A5BF /* FirstVC.swift */; };
		CE695EDC279C469A00D3A5BF /* Main.storyboard in Resources */ = {isa = PBXBuildFile; fileRef = CE695EDA279C469A00D3A5BF /* Main.storyboard */; };
		CE695EDE279C469F00D3A5BF /* Assets.xcassets in Resources */ = {isa = PBXBuildFile; fileRef = CE695EDD279C469F00D3A5BF /* Assets.xcassets */; };
		CE695EE1279C469F00D3A5BF /* LaunchScreen.storyboard in Resources */ = {isa = PBXBuildFile; fileRef = CE695EDF279C469F00D3A5BF /* LaunchScreen.storyboard */; };
/* End PBXBuildFile section */

/* Begin PBXFileReference section */
		CE12F442279F57EC001C30A0 /* SecondVC.swift */ = {isa = PBXFileReference; lastKnownFileType = sourcecode.swift; path = SecondVC.swift; sourceTree = "<group>"; };
		CE12F444279F5802001C30A0 /* ThirdVC.swift */ = {isa = PBXFileReference; lastKnownFileType = sourcecode.swift; path = ThirdVC.swift; sourceTree = "<group>"; };
		CE12F446279F581A001C30A0 /* FourthVC.swift */ = {isa = PBXFileReference; lastKnownFileType = sourcecode.swift; path = FourthVC.swift; sourceTree = "<group>"; };
		CE695ED1279C469A00D3A5BF /* HomeWork11.app */ = {isa = PBXFileReference; explicitFileType = wrapper.application; includeInIndex = 0; path = HomeWork11.app; sourceTree = BUILT_PRODUCTS_DIR; };
		CE695ED4279C469A00D3A5BF /* AppDelegate.swift */ = {isa = PBXFileReference; lastKnownFileType = sourcecode.swift; path = AppDelegate.swift; sourceTree = "<group>"; };
		CE695ED6279C469A00D3A5BF /* SceneDelegate.swift */ = {isa = PBXFileReference; lastKnownFileType = sourcecode.swift; path = SceneDelegate.swift; sourceTree = "<group>"; };
		CE695ED8279C469A00D3A5BF /* FirstVC.swift */ = {isa = PBXFileReference; lastKnownFileType = sourcecode.swift; path = FirstVC.swift; sourceTree = "<group>"; };
		CE695EDB279C469A00D3A5BF /* Base */ = {isa = PBXFileReference; lastKnownFileType = file.storyboard; name = Base; path = Base.lproj/Main.storyboard; sourceTree = "<group>"; };
		CE695EDD279C469F00D3A5BF /* Assets.xcassets */ = {isa = PBXFileReference; lastKnownFileType = folder.assetcatalog; path = Assets.xcassets; sourceTree = "<group>"; };
		CE695EE0279C469F00D3A5BF /* Base */ = {isa = PBXFileReference; lastKnownFileType = file.storyboard; name = Base; path = Base.lproj/LaunchScreen.storyboard; sourceTree = "<group>"; };
		CE695EE2279C469F00D3A5BF /* Info.plist */ = {isa = PBXFileReference; lastKnownFileType = text.plist.xml; path = Info.plist; sourceTree = "<group>"; };
/* End PBXFileReference section */

/* Begin PBXFrameworksBuildPhase section */
		CE695ECE279C469A00D3A5BF /* Frameworks */ = {
			isa = PBXFrameworksBuildPhase;
			buildActionMask = 2147483647;
			files = (
			);
			runOnlyForDeploymentPostprocessing = 0;
		};
/* End PBXFrameworksBuildPhase section */

/* Begin PBXGroup section */
		CE12F441279F56BC001C30A0 /* ViewControllers */ = {
			isa = PBXGroup;
			children = (
				CE695ED8279C469A00D3A5BF /* FirstVC.swift */,
				CE12F442279F57EC001C30A0 /* SecondVC.swift */,
				CE12F444279F5802001C30A0 /* ThirdVC.swift */,
				CE12F446279F581A001C30A0 /* FourthVC.swift */,
			);
			path = ViewControllers;
			sourceTree = "<group>";
		};
		CE695EC8279C469A00D3A5BF = {
			isa = PBXGroup;
			children = (
				CE695ED3279C469A00D3A5BF /* HomeWork11 */,
				CE695ED2279C469A00D3A5BF /* Products */,
			);
			sourceTree = "<group>";
		};
		CE695ED2279C469A00D3A5BF /* Products */ = {
			isa = PBXGroup;
			children = (
				CE695ED1279C469A00D3A5BF /* HomeWork11.app */,
			);
			name = Products;
			sourceTree = "<group>";
		};
		CE695ED3279C469A00D3A5BF /* HomeWork11 */ = {
			isa = PBXGroup;
			children = (
				CE695ED4279C469A00D3A5BF /* AppDelegate.swift */,
				CE695ED6279C469A00D3A5BF /* SceneDelegate.swift */,
				CE12F441279F56BC001C30A0 /* ViewControllers */,
				CE695EDA279C469A00D3A5BF /* Main.storyboard */,
				CE695EDD279C469F00D3A5BF /* Assets.xcassets */,
				CE695EDF279C469F00D3A5BF /* LaunchScreen.storyboard */,
				CE695EE2279C469F00D3A5BF /* Info.plist */,
			);
			path = HomeWork11;
			sourceTree = "<group>";
		};
/* End PBXGroup section */

/* Begin PBXNativeTarget section */
		CE695ED0279C469A00D3A5BF /* HomeWork11 */ = {
			isa = PBXNativeTarget;
			buildConfigurationList = CE695EE5279C46A000D3A5BF /* Build configuration list for PBXNativeTarget "HomeWork11" */;
			buildPhases = (
				CE695ECD279C469A00D3A5BF /* Sources */,
				CE695ECE279C469A00D3A5BF /* Frameworks */,
				CE695ECF279C469A00D3A5BF /* Resources */,
			);
			buildRules = (
			);
			dependencies = (
			);
			name = HomeWork11;
			productName = HomeWork11;
			productReference = CE695ED1279C469A00D3A5BF /* HomeWork11.app */;
			productType = "com.apple.product-type.application";
		};
/* End PBXNativeTarget section */

/* Begin PBXProject section */
		CE695EC9279C469A00D3A5BF /* Project object */ = {
			isa = PBXProject;
			attributes = {
				BuildIndependentTargetsInParallel = 1;
				LastSwiftUpdateCheck = 1310;
				LastUpgradeCheck = 1310;
				TargetAttributes = {
					CE695ED0279C469A00D3A5BF = {
						CreatedOnToolsVersion = 13.1;
					};
				};
			};
			buildConfigurationList = CE695ECC279C469A00D3A5BF /* Build configuration list for PBXProject "HomeWork11" */;
			compatibilityVersion = "Xcode 13.0";
			developmentRegion = en;
			hasScannedForEncodings = 0;
			knownRegions = (
				en,
				Base,
			);
			mainGroup = CE695EC8279C469A00D3A5BF;
			productRefGroup = CE695ED2279C469A00D3A5BF /* Products */;
			projectDirPath = "";
			projectRoot = "";
			targets = (
				CE695ED0279C469A00D3A5BF /* HomeWork11 */,
			);
		};
/* End PBXProject section */

/* Begin PBXResourcesBuildPhase section */
		CE695ECF279C469A00D3A5BF /* Resources */ = {
			isa = PBXResourcesBuildPhase;
			buildActionMask = 2147483647;
			files = (
				CE695EE1279C469F00D3A5BF /* LaunchScreen.storyboard in Resources */,
				CE695EDE279C469F00D3A5BF /* Assets.xcassets in Resources */,
				CE695EDC279C469A00D3A5BF /* Main.storyboard in Resources */,
			);
			runOnlyForDeploymentPostprocessing = 0;
		};
/* End PBXResourcesBuildPhase section */

/* Begin PBXSourcesBuildPhase section */
		CE695ECD279C469A00D3A5BF /* Sources */ = {
			isa = PBXSourcesBuildPhase;
			buildActionMask = 2147483647;
			files = (
				CE12F445279F5802001C30A0 /* ThirdVC.swift in Sources */,
				CE695ED9279C469A00D3A5BF /* FirstVC.swift in Sources */,
				CE695ED5279C469A00D3A5BF /* AppDelegate.swift in Sources */,
				CE12F443279F57EC001C30A0 /* SecondVC.swift in Sources */,
				CE12F447279F581A001C30A0 /* FourthVC.swift in Sources */,
				CE695ED7279C469A00D3A5BF /* SceneDelegate.swift in Sources */,
			);
			runOnlyForDeploymentPostprocessing = 0;
		};
/* End PBXSourcesBuildPhase section */

/* Begin PBXVariantGroup section */
		CE695EDA279C469A00D3A5BF /* Main.storyboard */ = {
			isa = PBXVariantGroup;
			children = (
				CE695EDB279C469A00D3A5BF /* Base */,
			);
			name = Main.storyboard;
			sourceTree = "<group>";
		};
		CE695EDF279C469F00D3A5BF /* LaunchScreen.storyboard */ = {
			isa = PBXVariantGroup;
			children = (
				CE695EE0279C469F00D3A5BF /* Base */,
			);
			name = LaunchScreen.storyboard;
			sourceTree = "<group>";
		};
/* End PBXVariantGroup section */

/* Begin XCBuildConfiguration section */
		CE695EE3279C469F00D3A5BF /* Debug */ = {
			isa = XCBuildConfiguration;
			buildSettings = {
				ALWAYS_SEARCH_USER_PATHS = NO;
				CLANG_ANALYZER_NONNULL = YES;
				CLANG_ANALYZER_NUMBER_OBJECT_CONVERSION = YES_AGGRESSIVE;
				CLANG_CXX_LANGUAGE_STANDARD = "gnu++17";
				CLANG_CXX_LIBRARY = "libc++";
				CLANG_ENABLE_MODULES = YES;
				CLANG_ENABLE_OBJC_ARC = YES;
				CLANG_ENABLE_OBJC_WEAK = YES;
				CLANG_WARN_BLOCK_CAPTURE_AUTORELEASING = YES;
				CLANG_WARN_BOOL_CONVERSION = YES;
				CLANG_WARN_COMMA = YES;
				CLANG_WARN_CONSTANT_CONVERSION = YES;
				CLANG_WARN_DEPRECATED_OBJC_IMPLEMENTATIONS = YES;
				CLANG_WARN_DIRECT_OBJC_ISA_USAGE = YES_ERROR;
				CLANG_WARN_DOCUMENTATION_COMMENTS = YES;
				CLANG_WARN_EMPTY_BODY = YES;
				CLANG_WARN_ENUM_CONVERSION = YES;
				CLANG_WARN_INFINITE_RECURSION = YES;
				CLANG_WARN_INT_CONVERSION = YES;
				CLANG_WARN_NON_LITERAL_NULL_CONVERSION = YES;
				CLANG_WARN_OBJC_IMPLICIT_RETAIN_SELF = YES;
				CLANG_WARN_OBJC_LITERAL_CONVERSION = YES;
				CLANG_WARN_OBJC_ROOT_CLASS = YES_ERROR;
				CLANG_WARN_QUOTED_INCLUDE_IN_FRAMEWORK_HEADER = YES;
				CLANG_WARN_RANGE_LOOP_ANALYSIS = YES;
				CLANG_WARN_STRICT_PROTOTYPES = YES;
				CLANG_WARN_SUSPICIOUS_MOVE = YES;
				CLANG_WARN_UNGUARDED_AVAILABILITY = YES_AGGRESSIVE;
				CLANG_WARN_UNREACHABLE_CODE = YES;
				CLANG_WARN__DUPLICATE_METHOD_MATCH = YES;
				COPY_PHASE_STRIP = NO;
				DEBUG_INFORMATION_FORMAT = dwarf;
				ENABLE_STRICT_OBJC_MSGSEND = YES;
				ENABLE_TESTABILITY = YES;
				GCC_C_LANGUAGE_STANDARD = gnu11;
				GCC_DYNAMIC_NO_PIC = NO;
				GCC_NO_COMMON_BLOCKS = YES;
				GCC_OPTIMIZATION_LEVEL = 0;
				GCC_PREPROCESSOR_DEFINITIONS = (
					"DEBUG=1",
					"$(inherited)",
				);
				GCC_WARN_64_TO_32_BIT_CONVERSION = YES;
				GCC_WARN_ABOUT_RETURN_TYPE = YES_ERROR;
				GCC_WARN_UNDECLARED_SELECTOR = YES;
				GCC_WARN_UNINITIALIZED_AUTOS = YES_AGGRESSIVE;
				GCC_WARN_UNUSED_FUNCTION = YES;
				GCC_WARN_UNUSED_VARIABLE = YES;
				IPHONEOS_DEPLOYMENT_TARGET = 15.0;
				MTL_ENABLE_DEBUG_INFO = INCLUDE_SOURCE;
				MTL_FAST_MATH = YES;
				ONLY_ACTIVE_ARCH = YES;
				SDKROOT = iphoneos;
				SWIFT_ACTIVE_COMPILATION_CONDITIONS = DEBUG;
				SWIFT_OPTIMIZATION_LEVEL = "-Onone";
			};
			name = Debug;
		};
		CE695EE4279C46A000D3A5BF /* Release */ = {
			isa = XCBuildConfiguration;
			buildSettings = {
				ALWAYS_SEARCH_USER_PATHS = NO;
				CLANG_ANALYZER_NONNULL = YES;
				CLANG_ANALYZER_NUMBER_OBJECT_CONVERSION = YES_AGGRESSIVE;
				CLANG_CXX_LANGUAGE_STANDARD = "gnu++17";
				CLANG_CXX_LIBRARY = "libc++";
				CLANG_ENABLE_MODULES = YES;
				CLANG_ENABLE_OBJC_ARC = YES;
				CLANG_ENABLE_OBJC_WEAK = YES;
				CLANG_WARN_BLOCK_CAPTURE_AUTORELEASING = YES;
				CLANG_WARN_BOOL_CONVERSION = YES;
				CLANG_WARN_COMMA = YES;
				CLANG_WARN_CONSTANT_CONVERSION = YES;
				CLANG_WARN_DEPRECATED_OBJC_IMPLEMENTATIONS = YES;
				CLANG_WARN_DIRECT_OBJC_ISA_USAGE = YES_ERROR;
				CLANG_WARN_DOCUMENTATION_COMMENTS = YES;
				CLANG_WARN_EMPTY_BODY = YES;
				CLANG_WARN_ENUM_CONVERSION = YES;
				CLANG_WARN_INFINITE_RECURSION = YES;
				CLANG_WARN_INT_CONVERSION = YES;
				CLANG_WARN_NON_LITERAL_NULL_CONVERSION = YES;
				CLANG_WARN_OBJC_IMPLICIT_RETAIN_SELF = YES;
				CLANG_WARN_OBJC_LITERAL_CONVERSION = YES;
				CLANG_WARN_OBJC_ROOT_CLASS = YES_ERROR;
				CLANG_WARN_QUOTED_INCLUDE_IN_FRAMEWORK_HEADER = YES;
				CLANG_WARN_RANGE_LOOP_ANALYSIS = YES;
				CLANG_WARN_STRICT_PROTOTYPES = YES;
				CLANG_WARN_SUSPICIOUS_MOVE = YES;
				CLANG_WARN_UNGUARDED_AVAILABILITY = YES_AGGRESSIVE;
				CLANG_WARN_UNREACHABLE_CODE = YES;
				CLANG_WARN__DUPLICATE_METHOD_MATCH = YES;
				COPY_PHASE_STRIP = NO;
				DEBUG_INFORMATION_FORMAT = "dwarf-with-dsym";
				ENABLE_NS_ASSERTIONS = NO;
				ENABLE_STRICT_OBJC_MSGSEND = YES;
				GCC_C_LANGUAGE_STANDARD = gnu11;
				GCC_NO_COMMON_BLOCKS = YES;
				GCC_WARN_64_TO_32_BIT_CONVERSION = YES;
				GCC_WARN_ABOUT_RETURN_TYPE = YES_ERROR;
				GCC_WARN_UNDECLARED_SELECTOR = YES;
				GCC_WARN_UNINITIALIZED_AUTOS = YES_AGGRESSIVE;
				GCC_WARN_UNUSED_FUNCTION = YES;
				GCC_WARN_UNUSED_VARIABLE = YES;
				IPHONEOS_DEPLOYMENT_TARGET = 15.0;
				MTL_ENABLE_DEBUG_INFO = NO;
				MTL_FAST_MATH = YES;
				SDKROOT = iphoneos;
				SWIFT_COMPILATION_MODE = wholemodule;
				SWIFT_OPTIMIZATION_LEVEL = "-O";
				VALIDATE_PRODUCT = YES;
			};
			name = Release;
		};
		CE695EE6279C46A000D3A5BF /* Debug */ = {
			isa = XCBuildConfiguration;
			buildSettings = {
				ASSETCATALOG_COMPILER_APPICON_NAME = AppIcon;
				ASSETCATALOG_COMPILER_GLOBAL_ACCENT_COLOR_NAME = AccentColor;
				CODE_SIGN_STYLE = Automatic;
				CURRENT_PROJECT_VERSION = 1;
				DEVELOPMENT_TEAM = X56F5SD594;
				GENERATE_INFOPLIST_FILE = YES;
				INFOPLIST_FILE = HomeWork11/Info.plist;
				INFOPLIST_KEY_UIApplicationSupportsIndirectInputEvents = YES;
				INFOPLIST_KEY_UILaunchStoryboardName = LaunchScreen;
				INFOPLIST_KEY_UIMainStoryboardFile = Main;
				INFOPLIST_KEY_UISupportedInterfaceOrientations_iPad = "UIInterfaceOrientationPortrait UIInterfaceOrientationPortraitUpsideDown UIInterfaceOrientationLandscapeLeft UIInterfaceOrientationLandscapeRight";
				INFOPLIST_KEY_UISupportedInterfaceOrientations_iPhone = "UIInterfaceOrientationPortrait UIInterfaceOrientationLandscapeLeft UIInterfaceOrientationLandscapeRight";
				LD_RUNPATH_SEARCH_PATHS = (
					"$(inherited)",
					"@executable_path/Frameworks",
				);
				MARKETING_VERSION = 1.0;
				PRODUCT_BUNDLE_IDENTIFIER = by.tms.HomeWork11;
				PRODUCT_NAME = "$(TARGET_NAME)";
				SWIFT_EMIT_LOC_STRINGS = YES;
				SWIFT_VERSION = 5.0;
				TARGETED_DEVICE_FAMILY = "1,2";
			};
			name = Debug;
		};
		CE695EE7279C46A000D3A5BF /* Release */ = {
			isa = XCBuildConfiguration;
			buildSettings = {
				ASSETCATALOG_COMPILER_APPICON_NAME = AppIcon;
				ASSETCATALOG_COMPILER_GLOBAL_ACCENT_COLOR_NAME = AccentColor;
				CODE_SIGN_STYLE = Automatic;
				CURRENT_PROJECT_VERSION = 1;
				DEVELOPMENT_TEAM = X56F5SD594;
				GENERATE_INFOPLIST_FILE = YES;
				INFOPLIST_FILE = HomeWork11/Info.plist;
				INFOPLIST_KEY_UIApplicationSupportsIndirectInputEvents = YES;
				INFOPLIST_KEY_UILaunchStoryboardName = LaunchScreen;
				INFOPLIST_KEY_UIMainStoryboardFile = Main;
				INFOPLIST_KEY_UISupportedInterfaceOrientations_iPad = "UIInterfaceOrientationPortrait UIInterfaceOrientationPortraitUpsideDown UIInterfaceOrientationLandscapeLeft UIInterfaceOrientationLandscapeRight";
				INFOPLIST_KEY_UISupportedInterfaceOrientations_iPhone = "UIInterfaceOrientationPortrait UIInterfaceOrientationLandscapeLeft UIInterfaceOrientationLandscapeRight";
				LD_RUNPATH_SEARCH_PATHS = (
					"$(inherited)",
					"@executable_path/Frameworks",
				);
				MARKETING_VERSION = 1.0;
				PRODUCT_BUNDLE_IDENTIFIER = by.tms.HomeWork11;
				PRODUCT_NAME = "$(TARGET_NAME)";
				SWIFT_EMIT_LOC_STRINGS = YES;
				SWIFT_VERSION = 5.0;
				TARGETED_DEVICE_FAMILY = "1,2";
			};
			name = Release;
		};
/* End XCBuildConfiguration section */

/* Begin XCConfigurationList section */
		CE695ECC279C469A00D3A5BF /* Build configuration list for PBXProject "HomeWork11" */ = {
			isa = XCConfigurationList;
			buildConfigurations = (
				CE695EE3279C469F00D3A5BF /* Debug */,
				CE695EE4279C46A000D3A5BF /* Release */,
			);
			defaultConfigurationIsVisible = 0;
			defaultConfigurationName = Release;
		};
		CE695EE5279C46A000D3A5BF /* Build configuration list for PBXNativeTarget "HomeWork11" */ = {
			isa = XCConfigurationList;
			buildConfigurations = (
				CE695EE6279C46A000D3A5BF /* Debug */,
				CE695EE7279C46A000D3A5BF /* Release */,
			);
			defaultConfigurationIsVisible = 0;
			defaultConfigurationName = Release;
		};
/* End XCConfigurationList section */
	};
	rootObject = CE695EC9279C469A00D3A5BF /* Project object */;
}
